<?xml version="1.0" encoding="utf-8"?>
<Project ToolsVersion="4.0" xmlns="http://schemas.microsoft.com/developer/msbuild/2003">
  <ItemGroup>
    <Filter Include="소스 파일">
      <UniqueIdentifier>{4FC737F1-C7A5-4376-A066-2A32D752A2FF}</UniqueIdentifier>
      <Extensions>cpp;c;cc;cxx;c++;cppm;ixx;def;odl;idl;hpj;bat;asm;asmx</Extensions>
    </Filter>
    <Filter Include="헤더 파일">
      <UniqueIdentifier>{93995380-89BD-4b04-88EB-625FBE52EBFB}</UniqueIdentifier>
      <Extensions>h;hh;hpp;hxx;h++;hm;inl;inc;ipp;xsd</Extensions>
    </Filter>
    <Filter Include="리소스 파일">
      <UniqueIdentifier>{67DA6AB6-F800-4c08-8B7A-83BB121AAD01}</UniqueIdentifier>
      <Extensions>rc;ico;cur;bmp;dlg;rc2;rct;bin;rgs;gif;jpg;jpeg;jpe;resx;tiff;tif;png;wav;mfcribbon-ms</Extensions>
    </Filter>
    <Filter Include="소스 파일\2장">
      <UniqueIdentifier>{037f9557-74bb-40c7-9dfc-c6c662fd18d1}</UniqueIdentifier>
    </Filter>
    <Filter Include="소스 파일\2장\ArrayStack">
      <UniqueIdentifier>{a562db98-088f-4358-aee3-ea7f466a6c8d}</UniqueIdentifier>
    </Filter>
    <Filter Include="소스 파일\2장\LinkedListStack">
      <UniqueIdentifier>{56a9b823-4cc0-444f-9797-6d561596a98a}</UniqueIdentifier>
    </Filter>
    <Filter Include="소스 파일\2장\Calculator">
      <UniqueIdentifier>{4fda58ce-2ca5-470f-acdc-74a6d5b1ec46}</UniqueIdentifier>
    </Filter>
    <Filter Include="소스 파일\3장">
      <UniqueIdentifier>{046b205f-8043-4f5a-b655-bee455120bdd}</UniqueIdentifier>
    </Filter>
    <Filter Include="소스 파일\3장\CircularQueue">
      <UniqueIdentifier>{fa746235-3467-4ca1-8760-f4d3f7ab4fd6}</UniqueIdentifier>
    </Filter>
    <Filter Include="소스 파일\3장\LinkedQueue">
      <UniqueIdentifier>{8ef0eb0b-de58-4d3a-9a75-4cc829bd6e8e}</UniqueIdentifier>
    </Filter>
    <Filter Include="소스 파일\4장">
      <UniqueIdentifier>{0fb88a0d-8f88-4b29-8176-5b7a0f29dd4d}</UniqueIdentifier>
    </Filter>
    <Filter Include="소스 파일\4장\LCRSTree">
      <UniqueIdentifier>{cf9394f3-aefc-40ff-99e2-7ae516e7ad15}</UniqueIdentifier>
    </Filter>
    <Filter Include="소스 파일\4장\BinaryTree">
      <UniqueIdentifier>{98e96bf3-200a-4878-a2eb-f890192ebd93}</UniqueIdentifier>
    </Filter>
    <Filter Include="소스 파일\4장\ExpressionTree">
      <UniqueIdentifier>{77a22a71-b07c-4919-b436-fab0f557facb}</UniqueIdentifier>
    </Filter>
    <Filter Include="소스 파일\4장\DisjointSet">
      <UniqueIdentifier>{9d1c0bc4-2c97-4bb2-a11a-1f0502581a42}</UniqueIdentifier>
    </Filter>
    <Filter Include="소스 파일\5장">
      <UniqueIdentifier>{8c424443-636b-4f70-8333-f3f0995318c5}</UniqueIdentifier>
    </Filter>
    <Filter Include="소스 파일\5장\BubbleSort">
      <UniqueIdentifier>{5370c392-4de5-420e-896e-c55ba8b87639}</UniqueIdentifier>
    </Filter>
    <Filter Include="소스 파일\5장\InsertionSort">
      <UniqueIdentifier>{dc9f6e45-80ce-4b9e-bc83-89635ddb8609}</UniqueIdentifier>
    </Filter>
    <Filter Include="소스 파일\5장\QuickSort">
      <UniqueIdentifier>{28bf5b8e-e9cc-4e5e-a519-e0cd6802d223}</UniqueIdentifier>
    </Filter>
    <Filter Include="소스 파일\5장\QuickSort2">
      <UniqueIdentifier>{d0ad3c5d-a7d8-4c64-8ca5-78a81644ced1}</UniqueIdentifier>
    </Filter>
    <Filter Include="소스 파일\1장">
      <UniqueIdentifier>{a9eb9f4e-6c2c-4a4a-b901-9e2eb34f946c}</UniqueIdentifier>
    </Filter>
    <Filter Include="소스 파일\1장\DoublyLinkedList">
      <UniqueIdentifier>{25d352be-0b60-41f1-ae7f-b7a7e29d2bfd}</UniqueIdentifier>
    </Filter>
    <Filter Include="소스 파일\5장\콩쥐 문제">
      <UniqueIdentifier>{e999691d-a62d-4928-bfd9-db5bd24d9374}</UniqueIdentifier>
    </Filter>
    <Filter Include="소스 파일\1장\LinkedList">
      <UniqueIdentifier>{91dc34f6-1536-41ac-80da-aa2e2b515aea}</UniqueIdentifier>
    </Filter>
    <Filter Include="소스 파일\1장\CircularDoublyLinkedList">
      <UniqueIdentifier>{8685d10a-0d68-4e53-928a-6b1a31e22db0}</UniqueIdentifier>
    </Filter>
    <Filter Include="소스 파일\6장">
      <UniqueIdentifier>{59e91f9d-8f01-44f4-8290-d2eaac943161}</UniqueIdentifier>
    </Filter>
    <Filter Include="소스 파일\6장\BinarySearch">
      <UniqueIdentifier>{def3482e-da70-4378-bede-cfd7146d42cc}</UniqueIdentifier>
    </Filter>
    <Filter Include="소스 파일\6장\BinarySearch2">
      <UniqueIdentifier>{08dfdebe-2630-472f-aee2-76c0c098dd22}</UniqueIdentifier>
    </Filter>
    <Filter Include="소스 파일\6장\BinarySearchTree">
      <UniqueIdentifier>{0f063118-d6da-42f3-bda3-c6fac4d0895d}</UniqueIdentifier>
    </Filter>
    <Filter Include="소스 파일\6장\RedBlackTree">
      <UniqueIdentifier>{796149ac-122c-4852-a43e-105334708416}</UniqueIdentifier>
    </Filter>
    <Filter Include="소스 파일\7장">
      <UniqueIdentifier>{f59699e8-8bc5-46cc-9979-dc6c81a2243f}</UniqueIdentifier>
    </Filter>
    <Filter Include="소스 파일\7장\Heap">
      <UniqueIdentifier>{d2ef92bf-a6f4-40c6-b946-154f8b83c006}</UniqueIdentifier>
    </Filter>
    <Filter Include="소스 파일\7장\PriorityQueue">
      <UniqueIdentifier>{b58f4890-7831-4cfc-92cd-951580989f6a}</UniqueIdentifier>
    </Filter>
    <Filter Include="소스 파일\8장">
      <UniqueIdentifier>{6f3614d9-6718-4aad-a3d2-413f106c7fb7}</UniqueIdentifier>
    </Filter>
    <Filter Include="소스 파일\8장\SimpleHashTable">
      <UniqueIdentifier>{53d40977-0b0f-4fa0-8c93-2934c8037718}</UniqueIdentifier>
    </Filter>
    <Filter Include="소스 파일\8장\Chaining">
      <UniqueIdentifier>{d218fb83-4f6b-42ec-b272-91b925ba747a}</UniqueIdentifier>
    </Filter>
    <Filter Include="소스 파일\8장\OpenAddressing">
      <UniqueIdentifier>{1fa58cb1-b764-4433-b8a2-d2848c0de0bd}</UniqueIdentifier>
    </Filter>
    <Filter Include="소스 파일\9장">
      <UniqueIdentifier>{2dbe8443-a7e4-4334-9722-c9905f998414}</UniqueIdentifier>
    </Filter>
    <Filter Include="소스 파일\9장\Graph">
      <UniqueIdentifier>{ac2cd4cc-5f96-4532-bb57-08b412d58c60}</UniqueIdentifier>
    </Filter>
  </ItemGroup>
  <ItemGroup>
    <ClCompile Include="ArrayStack.c">
      <Filter>소스 파일\2장\ArrayStack</Filter>
    </ClCompile>
    <ClCompile Include="Test_ArrayStack.c">
      <Filter>소스 파일\2장\ArrayStack</Filter>
    </ClCompile>
    <ClCompile Include="Test_LinkedListStack.c">
      <Filter>소스 파일\2장\LinkedListStack</Filter>
    </ClCompile>
    <ClCompile Include="LinkedListStack.c">
      <Filter>소스 파일\2장\LinkedListStack</Filter>
    </ClCompile>
    <ClCompile Include="Calculator.c">
      <Filter>소스 파일\2장\Calculator</Filter>
    </ClCompile>
    <ClCompile Include="Test_Calculator.c">
      <Filter>소스 파일\2장\Calculator</Filter>
    </ClCompile>
    <ClCompile Include="CircularQueue.c">
      <Filter>소스 파일\3장\CircularQueue</Filter>
    </ClCompile>
    <ClCompile Include="Test_CircularQueue.c">
      <Filter>소스 파일\3장\CircularQueue</Filter>
    </ClCompile>
    <ClCompile Include="LinkedQueue.c">
      <Filter>소스 파일\3장\LinkedQueue</Filter>
    </ClCompile>
    <ClCompile Include="Test_LinkedQueue.c">
      <Filter>소스 파일\3장\LinkedQueue</Filter>
    </ClCompile>
    <ClCompile Include="test.cpp">
      <Filter>소스 파일</Filter>
    </ClCompile>
    <ClCompile Include="LCRSTree.c">
      <Filter>소스 파일\4장\LCRSTree</Filter>
    </ClCompile>
    <ClCompile Include="Test_LCRSTree.c">
      <Filter>소스 파일\4장\LCRSTree</Filter>
    </ClCompile>
    <ClCompile Include="BinaryTree.c">
      <Filter>소스 파일\4장\BinaryTree</Filter>
    </ClCompile>
    <ClCompile Include="Test_BinaryTree.c">
      <Filter>소스 파일\4장\BinaryTree</Filter>
    </ClCompile>
    <ClCompile Include="ExpressionTree.c">
      <Filter>소스 파일\4장\ExpressionTree</Filter>
    </ClCompile>
    <ClCompile Include="Test_ExpressionTree.c">
      <Filter>소스 파일\4장\ExpressionTree</Filter>
    </ClCompile>
    <ClCompile Include="DisjointSet.c">
      <Filter>소스 파일\4장\DisjointSet</Filter>
    </ClCompile>
    <ClCompile Include="Test_DisjointSet.c">
      <Filter>소스 파일\4장\DisjointSet</Filter>
    </ClCompile>
    <ClCompile Include="QuickSort.c">
      <Filter>소스 파일\5장\QuickSort</Filter>
    </ClCompile>
    <ClCompile Include="QuickSort2.c">
      <Filter>소스 파일\5장\QuickSort2</Filter>
    </ClCompile>
    <ClCompile Include="DoublyLinkedList.c">
      <Filter>소스 파일\1장\DoublyLinkedList</Filter>
    </ClCompile>
    <ClCompile Include="Test_DoublyLinkedList.c">
      <Filter>소스 파일\1장\DoublyLinkedList</Filter>
    </ClCompile>
    <ClCompile Include="LinkedList.c">
      <Filter>소스 파일\1장\LinkedList</Filter>
    </ClCompile>
    <ClCompile Include="Test_LinkedList.c">
      <Filter>소스 파일\1장\LinkedList</Filter>
    </ClCompile>
    <ClCompile Include="CircularDoublyLinkedList.c">
      <Filter>소스 파일\1장\CircularDoublyLinkedList</Filter>
    </ClCompile>
    <ClCompile Include="Test_CircularDoublyLinkedList.c">
      <Filter>소스 파일\1장\CircularDoublyLinkedList</Filter>
    </ClCompile>
    <ClCompile Include="BinarySearch.c">
      <Filter>소스 파일\6장\BinarySearch</Filter>
    </ClCompile>
    <ClCompile Include="BinarySearch2.c">
      <Filter>소스 파일\6장\BinarySearch2</Filter>
    </ClCompile>
    <ClCompile Include="BinarySearchTree.c">
      <Filter>소스 파일\6장\BinarySearchTree</Filter>
    </ClCompile>
    <ClCompile Include="Test_BinarySearchTree.c">
      <Filter>소스 파일\6장\BinarySearchTree</Filter>
    </ClCompile>
    <ClCompile Include="RedBlackTree.c">
      <Filter>소스 파일\6장\RedBlackTree</Filter>
    </ClCompile>
    <ClCompile Include="Test_RedBlackTree.c">
      <Filter>소스 파일\6장\RedBlackTree</Filter>
    </ClCompile>
    <ClCompile Include="Heap.c">
      <Filter>소스 파일\7장\Heap</Filter>
    </ClCompile>
    <ClCompile Include="Test_Heap.c">
      <Filter>소스 파일\7장\Heap</Filter>
    </ClCompile>
    <ClCompile Include="PriorityQueue.c">
      <Filter>소스 파일\7장\PriorityQueue</Filter>
    </ClCompile>
    <ClCompile Include="Test_PriorityQueue.c">
      <Filter>소스 파일\7장\PriorityQueue</Filter>
    </ClCompile>
    <ClCompile Include="SimpleHashTable.c">
      <Filter>소스 파일\8장\SimpleHashTable</Filter>
    </ClCompile>
    <ClCompile Include="Test_SimpleHashTable.c">
      <Filter>소스 파일\8장\SimpleHashTable</Filter>
    </ClCompile>
    <ClCompile Include="Chaining.c">
      <Filter>소스 파일\8장\Chaining</Filter>
    </ClCompile>
    <ClCompile Include="Test_Chaining.c">
      <Filter>소스 파일\8장\Chaining</Filter>
    </ClCompile>
    <ClCompile Include="OpenAddressing.c">
      <Filter>소스 파일\8장\OpenAddressing</Filter>
    </ClCompile>
    <ClCompile Include="Test_OpenAddressing.c">
      <Filter>소스 파일\8장\OpenAddressing</Filter>
    </ClCompile>
    <ClCompile Include="Graph.c">
      <Filter>소스 파일\9장\Graph</Filter>
    </ClCompile>
    <ClCompile Include="Test.Graph.c">
      <Filter>소스 파일\9장\Graph</Filter>
    </ClCompile>
  </ItemGroup>
  <ItemGroup>
    <ClInclude Include="ArrayStack.h">
      <Filter>소스 파일\2장\ArrayStack</Filter>
    </ClInclude>
    <ClInclude Include="LinkedListStack.h">
      <Filter>소스 파일\2장\LinkedListStack</Filter>
    </ClInclude>
    <ClInclude Include="Calculator.h">
      <Filter>소스 파일\2장\Calculator</Filter>
    </ClInclude>
    <ClInclude Include="CircularQueue.h">
      <Filter>소스 파일\3장\CircularQueue</Filter>
    </ClInclude>
    <ClInclude Include="LinkedQueue.h">
      <Filter>소스 파일\3장\LinkedQueue</Filter>
    </ClInclude>
    <ClInclude Include="LCRSTree.h">
      <Filter>소스 파일\4장\LCRSTree</Filter>
    </ClInclude>
    <ClInclude Include="BinaryTree.h">
      <Filter>소스 파일\4장\BinaryTree</Filter>
    </ClInclude>
    <ClInclude Include="ExpressionTree.h">
      <Filter>소스 파일\4장\ExpressionTree</Filter>
    </ClInclude>
    <ClInclude Include="DisjointSet.h">
      <Filter>소스 파일\4장\DisjointSet</Filter>
    </ClInclude>
    <ClInclude Include="DoublyLInkedLIst.h">
      <Filter>소스 파일\1장\DoublyLinkedList</Filter>
    </ClInclude>
    <ClInclude Include="Score.h">
      <Filter>소스 파일\5장\콩쥐 문제</Filter>
    </ClInclude>
    <ClInclude Include="LinkedList.h">
      <Filter>소스 파일\1장\LinkedList</Filter>
    </ClInclude>
    <ClInclude Include="CircularDoublyLinkedList.h">
      <Filter>소스 파일\1장\CircularDoublyLinkedList</Filter>
    </ClInclude>
    <ClInclude Include="BinarySearchTree.h">
      <Filter>소스 파일\6장\BinarySearchTree</Filter>
    </ClInclude>
    <ClInclude Include="RedBlackTree.h">
      <Filter>소스 파일\6장\RedBlackTree</Filter>
    </ClInclude>
    <ClInclude Include="Heap.h">
      <Filter>소스 파일\7장\Heap</Filter>
    </ClInclude>
    <ClInclude Include="PriorityQueue.h">
      <Filter>소스 파일\7장\PriorityQueue</Filter>
    </ClInclude>
    <ClInclude Include="SimpleHashTable.h">
      <Filter>소스 파일\8장\SimpleHashTable</Filter>
    </ClInclude>
    <ClInclude Include="Chaining.h">
      <Filter>소스 파일\8장\Chaining</Filter>
    </ClInclude>
    <ClInclude Include="OpenAddressing.h">
      <Filter>소스 파일\8장\OpenAddressing</Filter>
    </ClInclude>
    <ClInclude Include="Graph.h">
      <Filter>소스 파일\9장\Graph</Filter>
    </ClInclude>
  </ItemGroup>
</Project>